
Microsoft Visual Studio Solution File, Format Version 12.00
# Visual Studio Version 17
VisualStudioVersion = 17.11.35327.3
MinimumVisualStudioVersion = 10.0.40219.1
Project("{FAE04EC0-301F-11D3-BF4B-00C04F79EFBC}") = "PoolTable", "PoolTable\PoolTable.csproj", "{0129CCE3-452C-40BB-A6F7-3796DF1957BE}"
EndProject
Global
	GlobalSection(SolutionConfigurationPlatforms) = preSolution
		Debug|Any CPU = Debug|Any CPU
		Release|Any CPU = Release|Any CPU
	EndGlobalSection
	GlobalSection(ProjectConfigurationPlatforms) = postSolution
		{0129CCE3-452C-40BB-A6F7-3796DF1957BE}.Debug|Any CPU.ActiveCfg = Debug|Any CPU
		{0129CCE3-452C-40BB-A6F7-3796DF1957BE}.Debug|Any CPU.Build.0 = Debug|Any CPU
		{0129CCE3-452C-40BB-A6F7-3796DF1957BE}.Release|Any CPU.ActiveCfg = Release|Any CPU
		{0129CCE3-452C-40BB-A6F7-3796DF1957BE}.Release|Any CPU.Build.0 = Release|Any CPU
	EndGlobalSection
	GlobalSection(SolutionProperties) = preSolution
		HideSolutionNode = FALSE
	EndGlobalSection
	GlobalSection(ExtensibilityGlobals) = postSolution
		SolutionGuid = {F088CBFD-23F2-4FA5-A6AD-504A6C7A0C8C}
	EndGlobalSection
EndGlobal
